
Microsoft Visual Studio Solution File, Format Version 12.00
# Visual Studio Version 17
VisualStudioVersion = 17.6.33829.357
MinimumVisualStudioVersion = 10.0.40219.1
Project("{FAE04EC0-301F-11D3-BF4B-00C04F79EFBC}") = "Tikkei.Entity", "Tikkei.Entity\Tikkei.Entity.csproj", "{6C1FB988-EC87-476A-839D-A2576F92E319}"
EndProject
Project("{FAE04EC0-301F-11D3-BF4B-00C04F79EFBC}") = "Tikkei.Web", "Tikkei.Web\Tikkei.Web.csproj", "{CF358CA5-D9E2-45CA-8BE8-3F77E25D40B9}"
EndProject
Global
	GlobalSection(SolutionConfigurationPlatforms) = preSolution
		Debug|Any CPU = Debug|Any CPU
		Release|Any CPU = Release|Any CPU
	EndGlobalSection
	GlobalSection(ProjectConfigurationPlatforms) = postSolution
		{6C1FB988-EC87-476A-839D-A2576F92E319}.Debug|Any CPU.ActiveCfg = Debug|Any CPU
		{6C1FB988-EC87-476A-839D-A2576F92E319}.Debug|Any CPU.Build.0 = Debug|Any CPU
		{6C1FB988-EC87-476A-839D-A2576F92E319}.Release|Any CPU.ActiveCfg = Release|Any CPU
		{6C1FB988-EC87-476A-839D-A2576F92E319}.Release|Any CPU.Build.0 = Release|Any CPU
		{CF358CA5-D9E2-45CA-8BE8-3F77E25D40B9}.Debug|Any CPU.ActiveCfg = Debug|Any CPU
		{CF358CA5-D9E2-45CA-8BE8-3F77E25D40B9}.Debug|Any CPU.Build.0 = Debug|Any CPU
		{CF358CA5-D9E2-45CA-8BE8-3F77E25D40B9}.Release|Any CPU.ActiveCfg = Release|Any CPU
		{CF358CA5-D9E2-45CA-8BE8-3F77E25D40B9}.Release|Any CPU.Build.0 = Release|Any CPU
	EndGlobalSection
	GlobalSection(SolutionProperties) = preSolution
		HideSolutionNode = FALSE
	EndGlobalSection
	GlobalSection(ExtensibilityGlobals) = postSolution
		SolutionGuid = {D130066E-27F8-41D9-8482-2F1CA9B65502}
	EndGlobalSection
EndGlobal
