
Microsoft Visual Studio Solution File, Format Version 12.00
# Visual Studio Version 17
VisualStudioVersion = 17.6.33829.357
MinimumVisualStudioVersion = 10.0.40219.1
Project("{FAE04EC0-301F-11D3-BF4B-00C04F79EFBC}") = "Tikkei.Web", "Tikkei.Web\Tikkei.Web.csproj", "{CF33BD9B-1AB6-4A30-B712-7345914999C3}"
EndProject
Project("{FAE04EC0-301F-11D3-BF4B-00C04F79EFBC}") = "Tikkei.Service", "Tikkei.Service\Tikkei.Service.csproj", "{BBB2EEC0-EDD4-4ACE-8A09-F9101B75E3EA}"
EndProject
Project("{FAE04EC0-301F-11D3-BF4B-00C04F79EFBC}") = "Tikkei.Repository", "Tikkei.Repository\Tikkei.Repository.csproj", "{0DA985E0-9E30-480A-BC45-6CC56F5F2BB1}"
EndProject
Project("{FAE04EC0-301F-11D3-BF4B-00C04F79EFBC}") = "Tikkei.Data", "Tikkei.Data\Tikkei.Data.csproj", "{488800F5-F87C-4F08-9C80-275CAB042DA7}"
EndProject
Global
	GlobalSection(SolutionConfigurationPlatforms) = preSolution
		Debug|Any CPU = Debug|Any CPU
		Release|Any CPU = Release|Any CPU
	EndGlobalSection
	GlobalSection(ProjectConfigurationPlatforms) = postSolution
		{CF33BD9B-1AB6-4A30-B712-7345914999C3}.Debug|Any CPU.ActiveCfg = Debug|Any CPU
		{CF33BD9B-1AB6-4A30-B712-7345914999C3}.Debug|Any CPU.Build.0 = Debug|Any CPU
		{CF33BD9B-1AB6-4A30-B712-7345914999C3}.Release|Any CPU.ActiveCfg = Release|Any CPU
		{CF33BD9B-1AB6-4A30-B712-7345914999C3}.Release|Any CPU.Build.0 = Release|Any CPU
		{BBB2EEC0-EDD4-4ACE-8A09-F9101B75E3EA}.Debug|Any CPU.ActiveCfg = Debug|Any CPU
		{BBB2EEC0-EDD4-4ACE-8A09-F9101B75E3EA}.Debug|Any CPU.Build.0 = Debug|Any CPU
		{BBB2EEC0-EDD4-4ACE-8A09-F9101B75E3EA}.Release|Any CPU.ActiveCfg = Release|Any CPU
		{BBB2EEC0-EDD4-4ACE-8A09-F9101B75E3EA}.Release|Any CPU.Build.0 = Release|Any CPU
		{0DA985E0-9E30-480A-BC45-6CC56F5F2BB1}.Debug|Any CPU.ActiveCfg = Debug|Any CPU
		{0DA985E0-9E30-480A-BC45-6CC56F5F2BB1}.Debug|Any CPU.Build.0 = Debug|Any CPU
		{0DA985E0-9E30-480A-BC45-6CC56F5F2BB1}.Release|Any CPU.ActiveCfg = Release|Any CPU
		{0DA985E0-9E30-480A-BC45-6CC56F5F2BB1}.Release|Any CPU.Build.0 = Release|Any CPU
		{488800F5-F87C-4F08-9C80-275CAB042DA7}.Debug|Any CPU.ActiveCfg = Debug|Any CPU
		{488800F5-F87C-4F08-9C80-275CAB042DA7}.Debug|Any CPU.Build.0 = Debug|Any CPU
		{488800F5-F87C-4F08-9C80-275CAB042DA7}.Release|Any CPU.ActiveCfg = Release|Any CPU
		{488800F5-F87C-4F08-9C80-275CAB042DA7}.Release|Any CPU.Build.0 = Release|Any CPU
	EndGlobalSection
	GlobalSection(SolutionProperties) = preSolution
		HideSolutionNode = FALSE
	EndGlobalSection
	GlobalSection(ExtensibilityGlobals) = postSolution
		SolutionGuid = {D130066E-27F8-41D9-8482-2F1CA9B65502}
	EndGlobalSection
EndGlobal
